
Microsoft Visual Studio Solution File, Format Version 12.00
# Visual Studio Version 17
VisualStudioVersion = 17.11.35222.181
MinimumVisualStudioVersion = 10.0.40219.1
Project("{FAE04EC0-301F-11D3-BF4B-00C04F79EFBC}") = "TodoList", "TodoList\TodoList.csproj", "{BAF68831-4663-4465-8111-371F93D6D41F}"
EndProject
Global
	GlobalSection(SolutionConfigurationPlatforms) = preSolution
		Debug|Any CPU = Debug|Any CPU
		Release|Any CPU = Release|Any CPU
	EndGlobalSection
	GlobalSection(ProjectConfigurationPlatforms) = postSolution
		{BAF68831-4663-4465-8111-371F93D6D41F}.Debug|Any CPU.ActiveCfg = Debug|Any CPU
		{BAF68831-4663-4465-8111-371F93D6D41F}.Debug|Any CPU.Build.0 = Debug|Any CPU
		{BAF68831-4663-4465-8111-371F93D6D41F}.Release|Any CPU.ActiveCfg = Release|Any CPU
		{BAF68831-4663-4465-8111-371F93D6D41F}.Release|Any CPU.Build.0 = Release|Any CPU
	EndGlobalSection
	GlobalSection(SolutionProperties) = preSolution
		HideSolutionNode = FALSE
	EndGlobalSection
	GlobalSection(ExtensibilityGlobals) = postSolution
		SolutionGuid = {38E76614-3A19-436E-8B15-46C6B605A0F9}
	EndGlobalSection
EndGlobal
